{
  "object": {
    "pins": [
      {
        "package": "Preferences",
        "repositoryURL": "git@github.com:sindresorhus/Preferences.git",
        "state": {
          "branch": null,
          "revision": "ffeaaad1def45d0625720dc1adae3789cd9c167d",
          "version": "2.5.0"
        }
      }
    ]
  },
  "version": 1
}
